PODS:
  - Expecta (0.2.4)
  - OCMock (2.2.3)
  - SLObjectiveCRuntimeAdditions (1.1.2)
  - SLRemoteObject (1.2.7):
    - SLObjectiveCRuntimeAdditions (>= 1.0.0)

DEPENDENCIES:
  - Expecta
  - OCMock
  - SLRemoteObject (from `..`)

EXTERNAL SOURCES:
  SLRemoteObject:
    :path: ..

SPEC CHECKSUMS:
  Expecta: 5c147dedfea5fbcf773995f7e65020abcc936ce5
  OCMock: 74e4ddbcef134170dcc844f91c691f13868075d7
  SLObjectiveCRuntimeAdditions: 3fa6a14b9d09ed386180b19de1267bb1cd8a9aad
  SLRemoteObject: 85e94eaa3f689b19da0ff32f93e07556077e3862

COCOAPODS: 0.29.0
