PODS:
  - Expecta (0.2.3)
  - OCMock (2.2.1)
  - SLObjectiveCRuntimeAdditions (1.1.2)
  - SLRemoteObject (1.2.6):
    - SLObjectiveCRuntimeAdditions (>= 1.0.0)

DEPENDENCIES:
  - Expecta
  - OCMock
  - SLRemoteObject (from `..`)

EXTERNAL SOURCES:
  SLRemoteObject:
    :path: ..

SPEC CHECKSUMS:
  Expecta: dbc4a27fabb853bdd2e907e33f11ee43a9a47d0c
  OCMock: 80e4cfbc71a0e1bd28caf10a9fda27da7c4c8402
  SLObjectiveCRuntimeAdditions: 3fa6a14b9d09ed386180b19de1267bb1cd8a9aad
  SLRemoteObject: e4fc7fd88c8e43b14fd944a8cebb609535637de7

COCOAPODS: 0.29.0
